// !$*UTF8*$!
{
	archiveVersion = 1;
	classes = {
	};
	objectVersion = 56;
	objects = {

/* Begin PBXBuildFile section */
		5B3131052C682CDE00B247E1 /* DrugLabel.swift in Sources */ = {isa = PBXBuildFile; fileRef = 5B3131002C682CDE00B247E1 /* DrugLabel.swift */; };
		5B3131062C682CDE00B247E1 /* DrugMeta.swift in Sources */ = {isa = PBXBuildFile; fileRef = 5B3131012C682CDE00B247E1 /* DrugMeta.swift */; };
		5B3131072C682CDE00B247E1 /* Openfda.swift in Sources */ = {isa = PBXBuildFile; fileRef = 5B3131022C682CDE00B247E1 /* Openfda.swift */; };
		5B3131082C682CDE00B247E1 /* DrugResults.swift in Sources */ = {isa = PBXBuildFile; fileRef = 5B3131032C682CDE00B247E1 /* DrugResults.swift */; };
		5B31310D2C682CFE00B247E1 /* AdverseMeta.swift in Sources */ = {isa = PBXBuildFile; fileRef = 5B31310A2C682CFE00B247E1 /* AdverseMeta.swift */; };
		5B31310E2C682CFE00B247E1 /* AdverseResults.swift in Sources */ = {isa = PBXBuildFile; fileRef = 5B31310B2C682CFE00B247E1 /* AdverseResults.swift */; };
		5B31310F2C682CFE00B247E1 /* AdverseCount.swift in Sources */ = {isa = PBXBuildFile; fileRef = 5B31310C2C682CFE00B247E1 /* AdverseCount.swift */; };
		5B3131112C682E3600B247E1 /* AdverseManager.swift in Sources */ = {isa = PBXBuildFile; fileRef = 5B3131102C682E3600B247E1 /* AdverseManager.swift */; };
		5B3131132C682E4200B247E1 /* DrugManager.swift in Sources */ = {isa = PBXBuildFile; fileRef = 5B3131122C682E4200B247E1 /* DrugManager.swift */; };
		5B3131172C682E8C00B247E1 /* NetworkMonitor.swift in Sources */ = {isa = PBXBuildFile; fileRef = 5B3131162C682E8C00B247E1 /* NetworkMonitor.swift */; };
		C0A6E2312C67564700ED1F2F /* AppDelegate.swift in Sources */ = {isa = PBXBuildFile; fileRef = C0A6E2302C67564700ED1F2F /* AppDelegate.swift */; };
		C0A6E2332C67564700ED1F2F /* SceneDelegate.swift in Sources */ = {isa = PBXBuildFile; fileRef = C0A6E2322C67564700ED1F2F /* SceneDelegate.swift */; };
		C0A6E2382C67564700ED1F2F /* Base in Resources */ = {isa = PBXBuildFile; fileRef = C0A6E2372C67564700ED1F2F /* Base */; };
		C0A6E23A2C67564900ED1F2F /* Assets.xcassets in Resources */ = {isa = PBXBuildFile; fileRef = C0A6E2392C67564900ED1F2F /* Assets.xcassets */; };
		C0A6E23D2C67564900ED1F2F /* Base in Resources */ = {isa = PBXBuildFile; fileRef = C0A6E23C2C67564900ED1F2F /* Base */; };
		C0A6E2462C675F0600ED1F2F /* AdverseViewController.swift in Sources */ = {isa = PBXBuildFile; fileRef = C0A6E2452C675F0600ED1F2F /* AdverseViewController.swift */; };
		C0A6E2482C67605400ED1F2F /* Localizable.xcstrings in Resources */ = {isa = PBXBuildFile; fileRef = C0A6E2472C67605400ED1F2F /* Localizable.xcstrings */; };
		C0A6E24A2C67610700ED1F2F /* MedListViewController.swift in Sources */ = {isa = PBXBuildFile; fileRef = C0A6E2492C67610700ED1F2F /* MedListViewController.swift */; };
		C0A6E24C2C67613100ED1F2F /* SearchMedViewController.swift in Sources */ = {isa = PBXBuildFile; fileRef = C0A6E24B2C67613100ED1F2F /* SearchMedViewController.swift */; };
		C0A6E24F2C67658900ED1F2F /* SearchMedTableViewCell.swift in Sources */ = {isa = PBXBuildFile; fileRef = C0A6E24E2C67658900ED1F2F /* SearchMedTableViewCell.swift */; };
		C0A6E2512C676A8F00ED1F2F /* ListMedTableViewCell.swift in Sources */ = {isa = PBXBuildFile; fileRef = C0A6E2502C676A8F00ED1F2F /* ListMedTableViewCell.swift */; };
/* End PBXBuildFile section */

/* Begin PBXFileReference section */
		5B3131002C682CDE00B247E1 /* DrugLabel.swift */ = {isa = PBXFileReference; fileEncoding = 4; lastKnownFileType = sourcecode.swift; path = DrugLabel.swift; sourceTree = "<group>"; };
		5B3131012C682CDE00B247E1 /* DrugMeta.swift */ = {isa = PBXFileReference; fileEncoding = 4; lastKnownFileType = sourcecode.swift; path = DrugMeta.swift; sourceTree = "<group>"; };
		5B3131022C682CDE00B247E1 /* Openfda.swift */ = {isa = PBXFileReference; fileEncoding = 4; lastKnownFileType = sourcecode.swift; path = Openfda.swift; sourceTree = "<group>"; };
		5B3131032C682CDE00B247E1 /* DrugResults.swift */ = {isa = PBXFileReference; fileEncoding = 4; lastKnownFileType = sourcecode.swift; path = DrugResults.swift; sourceTree = "<group>"; };
		5B31310A2C682CFE00B247E1 /* AdverseMeta.swift */ = {isa = PBXFileReference; fileEncoding = 4; lastKnownFileType = sourcecode.swift; path = AdverseMeta.swift; sourceTree = "<group>"; };
		5B31310B2C682CFE00B247E1 /* AdverseResults.swift */ = {isa = PBXFileReference; fileEncoding = 4; lastKnownFileType = sourcecode.swift; path = AdverseResults.swift; sourceTree = "<group>"; };
		5B31310C2C682CFE00B247E1 /* AdverseCount.swift */ = {isa = PBXFileReference; fileEncoding = 4; lastKnownFileType = sourcecode.swift; path = AdverseCount.swift; sourceTree = "<group>"; };
		5B3131102C682E3600B247E1 /* AdverseManager.swift */ = {isa = PBXFileReference; lastKnownFileType = sourcecode.swift; path = AdverseManager.swift; sourceTree = "<group>"; };
		5B3131122C682E4200B247E1 /* DrugManager.swift */ = {isa = PBXFileReference; lastKnownFileType = sourcecode.swift; path = DrugManager.swift; sourceTree = "<group>"; };
		5B3131162C682E8C00B247E1 /* NetworkMonitor.swift */ = {isa = PBXFileReference; lastKnownFileType = sourcecode.swift; path = NetworkMonitor.swift; sourceTree = "<group>"; };
		C0A6E22D2C67564700ED1F2F /* MediFInderApp.app */ = {isa = PBXFileReference; explicitFileType = wrapper.application; includeInIndex = 0; path = MediFInderApp.app; sourceTree = BUILT_PRODUCTS_DIR; };
		C0A6E2302C67564700ED1F2F /* AppDelegate.swift */ = {isa = PBXFileReference; lastKnownFileType = sourcecode.swift; path = AppDelegate.swift; sourceTree = "<group>"; };
		C0A6E2322C67564700ED1F2F /* SceneDelegate.swift */ = {isa = PBXFileReference; lastKnownFileType = sourcecode.swift; path = SceneDelegate.swift; sourceTree = "<group>"; };
		C0A6E2372C67564700ED1F2F /* Base */ = {isa = PBXFileReference; lastKnownFileType = file.storyboard; name = Base; path = Base.lproj/Main.storyboard; sourceTree = "<group>"; };
		C0A6E2392C67564900ED1F2F /* Assets.xcassets */ = {isa = PBXFileReference; lastKnownFileType = folder.assetcatalog; path = Assets.xcassets; sourceTree = "<group>"; };
		C0A6E23C2C67564900ED1F2F /* Base */ = {isa = PBXFileReference; lastKnownFileType = file.storyboard; name = Base; path = Base.lproj/LaunchScreen.storyboard; sourceTree = "<group>"; };
		C0A6E23E2C67564900ED1F2F /* Info.plist */ = {isa = PBXFileReference; lastKnownFileType = text.plist.xml; path = Info.plist; sourceTree = "<group>"; };
		C0A6E2452C675F0600ED1F2F /* AdverseViewController.swift */ = {isa = PBXFileReference; lastKnownFileType = sourcecode.swift; path = AdverseViewController.swift; sourceTree = "<group>"; };
		C0A6E2472C67605400ED1F2F /* Localizable.xcstrings */ = {isa = PBXFileReference; lastKnownFileType = text.json.xcstrings; path = Localizable.xcstrings; sourceTree = "<group>"; };
		C0A6E2492C67610700ED1F2F /* MedListViewController.swift */ = {isa = PBXFileReference; lastKnownFileType = sourcecode.swift; path = MedListViewController.swift; sourceTree = "<group>"; };
		C0A6E24B2C67613100ED1F2F /* SearchMedViewController.swift */ = {isa = PBXFileReference; lastKnownFileType = sourcecode.swift; path = SearchMedViewController.swift; sourceTree = "<group>"; };
		C0A6E24E2C67658900ED1F2F /* SearchMedTableViewCell.swift */ = {isa = PBXFileReference; lastKnownFileType = sourcecode.swift; path = SearchMedTableViewCell.swift; sourceTree = "<group>"; };
		C0A6E2502C676A8F00ED1F2F /* ListMedTableViewCell.swift */ = {isa = PBXFileReference; lastKnownFileType = sourcecode.swift; path = ListMedTableViewCell.swift; sourceTree = "<group>"; };
/* End PBXFileReference section */

/* Begin PBXFrameworksBuildPhase section */
		C0A6E22A2C67564700ED1F2F /* Frameworks */ = {
			isa = PBXFrameworksBuildPhase;
			buildActionMask = 2147483647;
			files = (
			);
			runOnlyForDeploymentPostprocessing = 0;
		};
/* End PBXFrameworksBuildPhase section */

/* Begin PBXGroup section */
		5B3130FC2C68284B00B247E1 /* Remote */ = {
			isa = PBXGroup;
			children = (
				5B3131092C682CE500B247E1 /* adverse */,
				5B3131042C682CDE00B247E1 /* drug */,
			);
			path = Remote;
			sourceTree = "<group>";
		};
		5B3131042C682CDE00B247E1 /* drug */ = {
			isa = PBXGroup;
			children = (
				5B3131002C682CDE00B247E1 /* DrugLabel.swift */,
				5B3131012C682CDE00B247E1 /* DrugMeta.swift */,
				5B3131022C682CDE00B247E1 /* Openfda.swift */,
				5B3131032C682CDE00B247E1 /* DrugResults.swift */,
			);
			path = drug;
			sourceTree = "<group>";
		};
		5B3131092C682CE500B247E1 /* adverse */ = {
			isa = PBXGroup;
			children = (
				5B31310C2C682CFE00B247E1 /* AdverseCount.swift */,
				5B31310A2C682CFE00B247E1 /* AdverseMeta.swift */,
				5B31310B2C682CFE00B247E1 /* AdverseResults.swift */,
			);
			path = adverse;
			sourceTree = "<group>";
		};
		5B3131142C682E4900B247E1 /* Table cells */ = {
			isa = PBXGroup;
			children = (
				C0A6E24E2C67658900ED1F2F /* SearchMedTableViewCell.swift */,
				C0A6E2502C676A8F00ED1F2F /* ListMedTableViewCell.swift */,
			);
			path = "Table cells";
			sourceTree = "<group>";
		};
		5B3131152C682E7B00B247E1 /* Extensions */ = {
			isa = PBXGroup;
			children = (
				5B3131162C682E8C00B247E1 /* NetworkMonitor.swift */,
			);
			path = Extensions;
			sourceTree = "<group>";
		};
		C0A6E2242C67564600ED1F2F = {
			isa = PBXGroup;
			children = (
				C0A6E22F2C67564700ED1F2F /* MediFInderApp */,
				C0A6E22E2C67564700ED1F2F /* Products */,
			);
			sourceTree = "<group>";
		};
		C0A6E22E2C67564700ED1F2F /* Products */ = {
			isa = PBXGroup;
			children = (
				C0A6E22D2C67564700ED1F2F /* MediFInderApp.app */,
			);
			name = Products;
			sourceTree = "<group>";
		};
		C0A6E22F2C67564700ED1F2F /* MediFInderApp */ = {
			isa = PBXGroup;
			children = (
				5B3131152C682E7B00B247E1 /* Extensions */,
				C0A6E24D2C67655800ED1F2F /* Model */,
				C0A6E2442C675EE200ED1F2F /* Controllers */,
				C0A6E2302C67564700ED1F2F /* AppDelegate.swift */,
				C0A6E2322C67564700ED1F2F /* SceneDelegate.swift */,
				C0A6E2362C67564700ED1F2F /* Main.storyboard */,
				C0A6E2392C67564900ED1F2F /* Assets.xcassets */,
				C0A6E23B2C67564900ED1F2F /* LaunchScreen.storyboard */,
				C0A6E23E2C67564900ED1F2F /* Info.plist */,
				C0A6E2472C67605400ED1F2F /* Localizable.xcstrings */,
			);
			path = MediFInderApp;
			sourceTree = "<group>";
		};
		C0A6E2442C675EE200ED1F2F /* Controllers */ = {
			isa = PBXGroup;
			children = (
				C0A6E2452C675F0600ED1F2F /* AdverseViewController.swift */,
				C0A6E2492C67610700ED1F2F /* MedListViewController.swift */,
				C0A6E24B2C67613100ED1F2F /* SearchMedViewController.swift */,
			);
			path = Controllers;
			sourceTree = "<group>";
		};
		C0A6E24D2C67655800ED1F2F /* Model */ = {
			isa = PBXGroup;
			children = (
				5B3131142C682E4900B247E1 /* Table cells */,
				5B3130FC2C68284B00B247E1 /* Remote */,
				5B3131102C682E3600B247E1 /* AdverseManager.swift */,
				5B3131122C682E4200B247E1 /* DrugManager.swift */,
			);
			path = Model;
			sourceTree = "<group>";
		};
/* End PBXGroup section */

/* Begin PBXNativeTarget section */
		C0A6E22C2C67564700ED1F2F /* MediFInderApp */ = {
			isa = PBXNativeTarget;
			buildConfigurationList = C0A6E2412C67564900ED1F2F /* Build configuration list for PBXNativeTarget "MediFInderApp" */;
			buildPhases = (
				C0A6E2292C67564700ED1F2F /* Sources */,
				C0A6E22A2C67564700ED1F2F /* Frameworks */,
				C0A6E22B2C67564700ED1F2F /* Resources */,
			);
			buildRules = (
			);
			dependencies = (
			);
			name = MediFInderApp;
			productName = MediFInderApp;
			productReference = C0A6E22D2C67564700ED1F2F /* MediFInderApp.app */;
			productType = "com.apple.product-type.application";
		};
/* End PBXNativeTarget section */

/* Begin PBXProject section */
		C0A6E2252C67564600ED1F2F /* Project object */ = {
			isa = PBXProject;
			attributes = {
				BuildIndependentTargetsInParallel = 1;
				LastSwiftUpdateCheck = 1540;
				LastUpgradeCheck = 1540;
				TargetAttributes = {
					C0A6E22C2C67564700ED1F2F = {
						CreatedOnToolsVersion = 15.4;
					};
				};
			};
			buildConfigurationList = C0A6E2282C67564600ED1F2F /* Build configuration list for PBXProject "MediFInderApp" */;
			compatibilityVersion = "Xcode 14.0";
			developmentRegion = en;
			hasScannedForEncodings = 0;
			knownRegions = (
				en,
				Base,
				"es-419",
			);
			mainGroup = C0A6E2242C67564600ED1F2F;
			productRefGroup = C0A6E22E2C67564700ED1F2F /* Products */;
			projectDirPath = "";
			projectRoot = "";
			targets = (
				C0A6E22C2C67564700ED1F2F /* MediFInderApp */,
			);
		};
/* End PBXProject section */

/* Begin PBXResourcesBuildPhase section */
		C0A6E22B2C67564700ED1F2F /* Resources */ = {
			isa = PBXResourcesBuildPhase;
			buildActionMask = 2147483647;
			files = (
				C0A6E23A2C67564900ED1F2F /* Assets.xcassets in Resources */,
				C0A6E23D2C67564900ED1F2F /* Base in Resources */,
				C0A6E2482C67605400ED1F2F /* Localizable.xcstrings in Resources */,
				C0A6E2382C67564700ED1F2F /* Base in Resources */,
			);
			runOnlyForDeploymentPostprocessing = 0;
		};
/* End PBXResourcesBuildPhase section */

/* Begin PBXSourcesBuildPhase section */
		C0A6E2292C67564700ED1F2F /* Sources */ = {
			isa = PBXSourcesBuildPhase;
			buildActionMask = 2147483647;
			files = (
				5B3131052C682CDE00B247E1 /* DrugLabel.swift in Sources */,
				C0A6E2312C67564700ED1F2F /* AppDelegate.swift in Sources */,
				C0A6E2332C67564700ED1F2F /* SceneDelegate.swift in Sources */,
				C0A6E24C2C67613100ED1F2F /* SearchMedViewController.swift in Sources */,
				5B3131112C682E3600B247E1 /* AdverseManager.swift in Sources */,
				C0A6E2512C676A8F00ED1F2F /* ListMedTableViewCell.swift in Sources */,
				C0A6E2462C675F0600ED1F2F /* AdverseViewController.swift in Sources */,
				C0A6E24F2C67658900ED1F2F /* SearchMedTableViewCell.swift in Sources */,
				5B3131172C682E8C00B247E1 /* NetworkMonitor.swift in Sources */,
				5B3131082C682CDE00B247E1 /* DrugResults.swift in Sources */,
				5B3131132C682E4200B247E1 /* DrugManager.swift in Sources */,
				5B31310F2C682CFE00B247E1 /* AdverseCount.swift in Sources */,
				5B31310D2C682CFE00B247E1 /* AdverseMeta.swift in Sources */,
				5B31310E2C682CFE00B247E1 /* AdverseResults.swift in Sources */,
				C0A6E24A2C67610700ED1F2F /* MedListViewController.swift in Sources */,
				5B3131062C682CDE00B247E1 /* DrugMeta.swift in Sources */,
				5B3131072C682CDE00B247E1 /* Openfda.swift in Sources */,
			);
			runOnlyForDeploymentPostprocessing = 0;
		};
/* End PBXSourcesBuildPhase section */

/* Begin PBXVariantGroup section */
		C0A6E2362C67564700ED1F2F /* Main.storyboard */ = {
			isa = PBXVariantGroup;
			children = (
				C0A6E2372C67564700ED1F2F /* Base */,
			);
			name = Main.storyboard;
			sourceTree = "<group>";
		};
		C0A6E23B2C67564900ED1F2F /* LaunchScreen.storyboard */ = {
			isa = PBXVariantGroup;
			children = (
				C0A6E23C2C67564900ED1F2F /* Base */,
			);
			name = LaunchScreen.storyboard;
			sourceTree = "<group>";
		};
/* End PBXVariantGroup section */

/* Begin XCBuildConfiguration section */
		C0A6E23F2C67564900ED1F2F /* Debug */ = {
			isa = XCBuildConfiguration;
			buildSettings = {
				ALWAYS_SEARCH_USER_PATHS = NO;
				ASSETCATALOG_COMPILER_GENERATE_SWIFT_ASSET_SYMBOL_EXTENSIONS = YES;
				CLANG_ANALYZER_NONNULL = YES;
				CLANG_ANALYZER_NUMBER_OBJECT_CONVERSION = YES_AGGRESSIVE;
				CLANG_CXX_LANGUAGE_STANDARD = "gnu++20";
				CLANG_ENABLE_MODULES = YES;
				CLANG_ENABLE_OBJC_ARC = YES;
				CLANG_ENABLE_OBJC_WEAK = YES;
				CLANG_WARN_BLOCK_CAPTURE_AUTORELEASING = YES;
				CLANG_WARN_BOOL_CONVERSION = YES;
				CLANG_WARN_COMMA = YES;
				CLANG_WARN_CONSTANT_CONVERSION = YES;
				CLANG_WARN_DEPRECATED_OBJC_IMPLEMENTATIONS = YES;
				CLANG_WARN_DIRECT_OBJC_ISA_USAGE = YES_ERROR;
				CLANG_WARN_DOCUMENTATION_COMMENTS = YES;
				CLANG_WARN_EMPTY_BODY = YES;
				CLANG_WARN_ENUM_CONVERSION = YES;
				CLANG_WARN_INFINITE_RECURSION = YES;
				CLANG_WARN_INT_CONVERSION = YES;
				CLANG_WARN_NON_LITERAL_NULL_CONVERSION = YES;
				CLANG_WARN_OBJC_IMPLICIT_RETAIN_SELF = YES;
				CLANG_WARN_OBJC_LITERAL_CONVERSION = YES;
				CLANG_WARN_OBJC_ROOT_CLASS = YES_ERROR;
				CLANG_WARN_QUOTED_INCLUDE_IN_FRAMEWORK_HEADER = YES;
				CLANG_WARN_RANGE_LOOP_ANALYSIS = YES;
				CLANG_WARN_STRICT_PROTOTYPES = YES;
				CLANG_WARN_SUSPICIOUS_MOVE = YES;
				CLANG_WARN_UNGUARDED_AVAILABILITY = YES_AGGRESSIVE;
				CLANG_WARN_UNREACHABLE_CODE = YES;
				CLANG_WARN__DUPLICATE_METHOD_MATCH = YES;
				COPY_PHASE_STRIP = NO;
				DEBUG_INFORMATION_FORMAT = dwarf;
				ENABLE_STRICT_OBJC_MSGSEND = YES;
				ENABLE_TESTABILITY = YES;
				ENABLE_USER_SCRIPT_SANDBOXING = YES;
				GCC_C_LANGUAGE_STANDARD = gnu17;
				GCC_DYNAMIC_NO_PIC = NO;
				GCC_NO_COMMON_BLOCKS = YES;
				GCC_OPTIMIZATION_LEVEL = 0;
				GCC_PREPROCESSOR_DEFINITIONS = (
					"DEBUG=1",
					"$(inherited)",
				);
				GCC_WARN_64_TO_32_BIT_CONVERSION = YES;
				GCC_WARN_ABOUT_RETURN_TYPE = YES_ERROR;
				GCC_WARN_UNDECLARED_SELECTOR = YES;
				GCC_WARN_UNINITIALIZED_AUTOS = YES_AGGRESSIVE;
				GCC_WARN_UNUSED_FUNCTION = YES;
				GCC_WARN_UNUSED_VARIABLE = YES;
				IPHONEOS_DEPLOYMENT_TARGET = 17.5;
				LOCALIZATION_PREFERS_STRING_CATALOGS = YES;
				MTL_ENABLE_DEBUG_INFO = INCLUDE_SOURCE;
				MTL_FAST_MATH = YES;
				ONLY_ACTIVE_ARCH = YES;
				SDKROOT = iphoneos;
				SWIFT_ACTIVE_COMPILATION_CONDITIONS = "DEBUG $(inherited)";
				SWIFT_OPTIMIZATION_LEVEL = "-Onone";
			};
			name = Debug;
		};
		C0A6E2402C67564900ED1F2F /* Release */ = {
			isa = XCBuildConfiguration;
			buildSettings = {
				ALWAYS_SEARCH_USER_PATHS = NO;
				ASSETCATALOG_COMPILER_GENERATE_SWIFT_ASSET_SYMBOL_EXTENSIONS = YES;
				CLANG_ANALYZER_NONNULL = YES;
				CLANG_ANALYZER_NUMBER_OBJECT_CONVERSION = YES_AGGRESSIVE;
				CLANG_CXX_LANGUAGE_STANDARD = "gnu++20";
				CLANG_ENABLE_MODULES = YES;
				CLANG_ENABLE_OBJC_ARC = YES;
				CLANG_ENABLE_OBJC_WEAK = YES;
				CLANG_WARN_BLOCK_CAPTURE_AUTORELEASING = YES;
				CLANG_WARN_BOOL_CONVERSION = YES;
				CLANG_WARN_COMMA = YES;
				CLANG_WARN_CONSTANT_CONVERSION = YES;
				CLANG_WARN_DEPRECATED_OBJC_IMPLEMENTATIONS = YES;
				CLANG_WARN_DIRECT_OBJC_ISA_USAGE = YES_ERROR;
				CLANG_WARN_DOCUMENTATION_COMMENTS = YES;
				CLANG_WARN_EMPTY_BODY = YES;
				CLANG_WARN_ENUM_CONVERSION = YES;
				CLANG_WARN_INFINITE_RECURSION = YES;
				CLANG_WARN_INT_CONVERSION = YES;
				CLANG_WARN_NON_LITERAL_NULL_CONVERSION = YES;
				CLANG_WARN_OBJC_IMPLICIT_RETAIN_SELF = YES;
				CLANG_WARN_OBJC_LITERAL_CONVERSION = YES;
				CLANG_WARN_OBJC_ROOT_CLASS = YES_ERROR;
				CLANG_WARN_QUOTED_INCLUDE_IN_FRAMEWORK_HEADER = YES;
				CLANG_WARN_RANGE_LOOP_ANALYSIS = YES;
				CLANG_WARN_STRICT_PROTOTYPES = YES;
				CLANG_WARN_SUSPICIOUS_MOVE = YES;
				CLANG_WARN_UNGUARDED_AVAILABILITY = YES_AGGRESSIVE;
				CLANG_WARN_UNREACHABLE_CODE = YES;
				CLANG_WARN__DUPLICATE_METHOD_MATCH = YES;
				COPY_PHASE_STRIP = NO;
				DEBUG_INFORMATION_FORMAT = "dwarf-with-dsym";
				ENABLE_NS_ASSERTIONS = NO;
				ENABLE_STRICT_OBJC_MSGSEND = YES;
				ENABLE_USER_SCRIPT_SANDBOXING = YES;
				GCC_C_LANGUAGE_STANDARD = gnu17;
				GCC_NO_COMMON_BLOCKS = YES;
				GCC_WARN_64_TO_32_BIT_CONVERSION = YES;
				GCC_WARN_ABOUT_RETURN_TYPE = YES_ERROR;
				GCC_WARN_UNDECLARED_SELECTOR = YES;
				GCC_WARN_UNINITIALIZED_AUTOS = YES_AGGRESSIVE;
				GCC_WARN_UNUSED_FUNCTION = YES;
				GCC_WARN_UNUSED_VARIABLE = YES;
				IPHONEOS_DEPLOYMENT_TARGET = 17.5;
				LOCALIZATION_PREFERS_STRING_CATALOGS = YES;
				MTL_ENABLE_DEBUG_INFO = NO;
				MTL_FAST_MATH = YES;
				SDKROOT = iphoneos;
				SWIFT_COMPILATION_MODE = wholemodule;
				VALIDATE_PRODUCT = YES;
			};
			name = Release;
		};
		C0A6E2422C67564900ED1F2F /* Debug */ = {
			isa = XCBuildConfiguration;
			buildSettings = {
				ASSETCATALOG_COMPILER_APPICON_NAME = AppIcon;
				ASSETCATALOG_COMPILER_GLOBAL_ACCENT_COLOR_NAME = AccentColor;
				CODE_SIGN_STYLE = Automatic;
				CURRENT_PROJECT_VERSION = 1;
				DEVELOPMENT_TEAM = LCCA67G74J;
				GENERATE_INFOPLIST_FILE = YES;
				INFOPLIST_FILE = MediFInderApp/Info.plist;
				INFOPLIST_KEY_CFBundleDisplayName = MediFinder;
				INFOPLIST_KEY_UIApplicationSupportsIndirectInputEvents = YES;
				INFOPLIST_KEY_UILaunchStoryboardName = LaunchScreen;
				INFOPLIST_KEY_UIMainStoryboardFile = Main;
				INFOPLIST_KEY_UISupportedInterfaceOrientations_iPad = "UIInterfaceOrientationPortrait UIInterfaceOrientationPortraitUpsideDown UIInterfaceOrientationLandscapeLeft UIInterfaceOrientationLandscapeRight";
				INFOPLIST_KEY_UISupportedInterfaceOrientations_iPhone = "UIInterfaceOrientationPortrait UIInterfaceOrientationLandscapeLeft UIInterfaceOrientationLandscapeRight";
				LD_RUNPATH_SEARCH_PATHS = (
					"$(inherited)",
					"@executable_path/Frameworks",
				);
				MARKETING_VERSION = 1.0;
				PRODUCT_BUNDLE_IDENTIFIER = jordiCuevas.MediFInderApp;
				PRODUCT_NAME = "$(TARGET_NAME)";
				SWIFT_EMIT_LOC_STRINGS = YES;
				SWIFT_VERSION = 5.0;
				TARGETED_DEVICE_FAMILY = "1,2";
			};
			name = Debug;
		};
		C0A6E2432C67564900ED1F2F /* Release */ = {
			isa = XCBuildConfiguration;
			buildSettings = {
				ASSETCATALOG_COMPILER_APPICON_NAME = AppIcon;
				ASSETCATALOG_COMPILER_GLOBAL_ACCENT_COLOR_NAME = AccentColor;
				CODE_SIGN_STYLE = Automatic;
				CURRENT_PROJECT_VERSION = 1;
				DEVELOPMENT_TEAM = LCCA67G74J;
				GENERATE_INFOPLIST_FILE = YES;
				INFOPLIST_FILE = MediFInderApp/Info.plist;
				INFOPLIST_KEY_CFBundleDisplayName = MediFinder;
				INFOPLIST_KEY_UIApplicationSupportsIndirectInputEvents = YES;
				INFOPLIST_KEY_UILaunchStoryboardName = LaunchScreen;
				INFOPLIST_KEY_UIMainStoryboardFile = Main;
				INFOPLIST_KEY_UISupportedInterfaceOrientations_iPad = "UIInterfaceOrientationPortrait UIInterfaceOrientationPortraitUpsideDown UIInterfaceOrientationLandscapeLeft UIInterfaceOrientationLandscapeRight";
				INFOPLIST_KEY_UISupportedInterfaceOrientations_iPhone = "UIInterfaceOrientationPortrait UIInterfaceOrientationLandscapeLeft UIInterfaceOrientationLandscapeRight";
				LD_RUNPATH_SEARCH_PATHS = (
					"$(inherited)",
					"@executable_path/Frameworks",
				);
				MARKETING_VERSION = 1.0;
				PRODUCT_BUNDLE_IDENTIFIER = jordiCuevas.MediFInderApp;
				PRODUCT_NAME = "$(TARGET_NAME)";
				SWIFT_EMIT_LOC_STRINGS = YES;
				SWIFT_VERSION = 5.0;
				TARGETED_DEVICE_FAMILY = "1,2";
			};
			name = Release;
		};
/* End XCBuildConfiguration section */

/* Begin XCConfigurationList section */
		C0A6E2282C67564600ED1F2F /* Build configuration list for PBXProject "MediFInderApp" */ = {
			isa = XCConfigurationList;
			buildConfigurations = (
				C0A6E23F2C67564900ED1F2F /* Debug */,
				C0A6E2402C67564900ED1F2F /* Release */,
			);
			defaultConfigurationIsVisible = 0;
			defaultConfigurationName = Release;
		};
		C0A6E2412C67564900ED1F2F /* Build configuration list for PBXNativeTarget "MediFInderApp" */ = {
			isa = XCConfigurationList;
			buildConfigurations = (
				C0A6E2422C67564900ED1F2F /* Debug */,
				C0A6E2432C67564900ED1F2F /* Release */,
			);
			defaultConfigurationIsVisible = 0;
			defaultConfigurationName = Release;
		};
/* End XCConfigurationList section */
	};
	rootObject = C0A6E2252C67564600ED1F2F /* Project object */;
}
